
Microsoft Visual Studio Solution File, Format Version 12.00
# Visual Studio 15
VisualStudioVersion = 15.0.27004.2010
MinimumVisualStudioVersion = 10.0.40219.1
Project("{FAE04EC0-301F-11D3-BF4B-00C04F79EFBC}") = "AspMvcWebshop", "AspMvcWebshop\AspMvcWebshop.csproj", "{1957EF76-0275-4CB7-9DAA-8294A026A533}"
EndProject
Global
	GlobalSection(SolutionConfigurationPlatforms) = preSolution
		Debug|Any CPU = Debug|Any CPU
		Release|Any CPU = Release|Any CPU
	EndGlobalSection
	GlobalSection(ProjectConfigurationPlatforms) = postSolution
		{1957EF76-0275-4CB7-9DAA-8294A026A533}.Debug|Any CPU.ActiveCfg = Debug|Any CPU
		{1957EF76-0275-4CB7-9DAA-8294A026A533}.Debug|Any CPU.Build.0 = Debug|Any CPU
		{1957EF76-0275-4CB7-9DAA-8294A026A533}.Release|Any CPU.ActiveCfg = Release|Any CPU
		{1957EF76-0275-4CB7-9DAA-8294A026A533}.Release|Any CPU.Build.0 = Release|Any CPU
	EndGlobalSection
	GlobalSection(SolutionProperties) = preSolution
		HideSolutionNode = FALSE
	EndGlobalSection
	GlobalSection(ExtensibilityGlobals) = postSolution
		SolutionGuid = {A072425B-1B33-4C97-93B7-24EBBE82E4CA}
	EndGlobalSection
EndGlobal
